// !$*UTF8*$!
{
	archiveVersion = 1;
	classes = {
	};
	objectVersion = 46;
	objects = {

/* Begin PBXBuildFile section */
		5D59D4B91D1806F8008AD9EB /* main.m in Sources */ = {isa = PBXBuildFile; fileRef = 5D59D4B81D1806F8008AD9EB /* main.m */; };
		5D59D4BC1D1806F8008AD9EB /* AppDelegate.m in Sources */ = {isa = PBXBuildFile; fileRef = 5D59D4BB1D1806F8008AD9EB /* AppDelegate.m */; };
		5D59D4BF1D1806F8008AD9EB /* ViewController.m in Sources */ = {isa = PBXBuildFile; fileRef = 5D59D4BE1D1806F8008AD9EB /* ViewController.m */; };
		5D59D4C21D1806F8008AD9EB /* Main.storyboard in Resources */ = {isa = PBXBuildFile; fileRef = 5D59D4C01D1806F8008AD9EB /* Main.storyboard */; };
		5D59D4C41D1806F8008AD9EB /* Assets.xcassets in Resources */ = {isa = PBXBuildFile; fileRef = 5D59D4C31D1806F8008AD9EB /* Assets.xcassets */; };
		5D59D4C71D1806F8008AD9EB /* LaunchScreen.storyboard in Resources */ = {isa = PBXBuildFile; fileRef = 5D59D4C51D1806F8008AD9EB /* LaunchScreen.storyboard */; };
		5D59D4DA1D180723008AD9EB /* LICENSE in Resources */ = {isa = PBXBuildFile; fileRef = 5D59D4CF1D180723008AD9EB /* LICENSE */; };
		5D59D4DB1D180723008AD9EB /* README.md in Sources */ = {isa = PBXBuildFile; fileRef = 5D59D4D01D180723008AD9EB /* README.md */; };
		5D59D4DC1D180723008AD9EB /* WebViewJavascriptBridge.m in Sources */ = {isa = PBXBuildFile; fileRef = 5D59D4D31D180723008AD9EB /* WebViewJavascriptBridge.m */; };
		5D59D4DD1D180723008AD9EB /* WebViewJavascriptBridge_JS.m in Sources */ = {isa = PBXBuildFile; fileRef = 5D59D4D51D180723008AD9EB /* WebViewJavascriptBridge_JS.m */; };
		5D59D4DE1D180723008AD9EB /* WebViewJavascriptBridgeBase.m in Sources */ = {isa = PBXBuildFile; fileRef = 5D59D4D71D180723008AD9EB /* WebViewJavascriptBridgeBase.m */; };
		5D59D4DF1D180723008AD9EB /* WKWebViewJavascriptBridge.m in Sources */ = {isa = PBXBuildFile; fileRef = 5D59D4D91D180723008AD9EB /* WKWebViewJavascriptBridge.m */; };
		5D59D4E11D18075F008AD9EB /* test.html in Resources */ = {isa = PBXBuildFile; fileRef = 5D59D4E01D18075F008AD9EB /* test.html */; };
/* End PBXBuildFile section */

/* Begin PBXFileReference section */
		5D59D4B41D1806F8008AD9EB /* WebViewJavascriptBridgeDemo.app */ = {isa = PBXFileReference; explicitFileType = wrapper.application; includeInIndex = 0; path = WebViewJavascriptBridgeDemo.app; sourceTree = BUILT_PRODUCTS_DIR; };
		5D59D4B81D1806F8008AD9EB /* main.m */ = {isa = PBXFileReference; lastKnownFileType = sourcecode.c.objc; path = main.m; sourceTree = "<group>"; };
		5D59D4BA1D1806F8008AD9EB /* AppDelegate.h */ = {isa = PBXFileReference; lastKnownFileType = sourcecode.c.h; path = AppDelegate.h; sourceTree = "<group>"; };
		5D59D4BB1D1806F8008AD9EB /* AppDelegate.m */ = {isa = PBXFileReference; lastKnownFileType = sourcecode.c.objc; path = AppDelegate.m; sourceTree = "<group>"; };
		5D59D4BD1D1806F8008AD9EB /* ViewController.h */ = {isa = PBXFileReference; lastKnownFileType = sourcecode.c.h; path = ViewController.h; sourceTree = "<group>"; };
		5D59D4BE1D1806F8008AD9EB /* ViewController.m */ = {isa = PBXFileReference; lastKnownFileType = sourcecode.c.objc; path = ViewController.m; sourceTree = "<group>"; };
		5D59D4C11D1806F8008AD9EB /* Base */ = {isa = PBXFileReference; lastKnownFileType = file.storyboard; name = Base; path = Base.lproj/Main.storyboard; sourceTree = "<group>"; };
		5D59D4C31D1806F8008AD9EB /* Assets.xcassets */ = {isa = PBXFileReference; lastKnownFileType = folder.assetcatalog; path = Assets.xcassets; sourceTree = "<group>"; };
		5D59D4C61D1806F8008AD9EB /* Base */ = {isa = PBXFileReference; lastKnownFileType = file.storyboard; name = Base; path = Base.lproj/LaunchScreen.storyboard; sourceTree = "<group>"; };
		5D59D4C81D1806F8008AD9EB /* Info.plist */ = {isa = PBXFileReference; lastKnownFileType = text.plist.xml; path = Info.plist; sourceTree = "<group>"; };
		5D59D4CF1D180723008AD9EB /* LICENSE */ = {isa = PBXFileReference; fileEncoding = 4; lastKnownFileType = text; path = LICENSE; sourceTree = "<group>"; };
		5D59D4D01D180723008AD9EB /* README.md */ = {isa = PBXFileReference; fileEncoding = 4; lastKnownFileType = net.daringfireball.markdown; path = README.md; sourceTree = "<group>"; };
		5D59D4D21D180723008AD9EB /* WebViewJavascriptBridge.h */ = {isa = PBXFileReference; fileEncoding = 4; lastKnownFileType = sourcecode.c.h; path = WebViewJavascriptBridge.h; sourceTree = "<group>"; };
		5D59D4D31D180723008AD9EB /* WebViewJavascriptBridge.m */ = {isa = PBXFileReference; fileEncoding = 4; lastKnownFileType = sourcecode.c.objc; path = WebViewJavascriptBridge.m; sourceTree = "<group>"; };
		5D59D4D41D180723008AD9EB /* WebViewJavascriptBridge_JS.h */ = {isa = PBXFileReference; fileEncoding = 4; lastKnownFileType = sourcecode.c.h; path = WebViewJavascriptBridge_JS.h; sourceTree = "<group>"; };
		5D59D4D51D180723008AD9EB /* WebViewJavascriptBridge_JS.m */ = {isa = PBXFileReference; fileEncoding = 4; lastKnownFileType = sourcecode.c.objc; path = WebViewJavascriptBridge_JS.m; sourceTree = "<group>"; };
		5D59D4D61D180723008AD9EB /* WebViewJavascriptBridgeBase.h */ = {isa = PBXFileReference; fileEncoding = 4; lastKnownFileType = sourcecode.c.h; path = WebViewJavascriptBridgeBase.h; sourceTree = "<group>"; };
		5D59D4D71D180723008AD9EB /* WebViewJavascriptBridgeBase.m */ = {isa = PBXFileReference; fileEncoding = 4; lastKnownFileType = sourcecode.c.objc; path = WebViewJavascriptBridgeBase.m; sourceTree = "<group>"; };
		5D59D4D81D180723008AD9EB /* WKWebViewJavascriptBridge.h */ = {isa = PBXFileReference; fileEncoding = 4; lastKnownFileType = sourcecode.c.h; path = WKWebViewJavascriptBridge.h; sourceTree = "<group>"; };
		5D59D4D91D180723008AD9EB /* WKWebViewJavascriptBridge.m */ = {isa = PBXFileReference; fileEncoding = 4; lastKnownFileType = sourcecode.c.objc; path = WKWebViewJavascriptBridge.m; sourceTree = "<group>"; };
		5D59D4E01D18075F008AD9EB /* test.html */ = {isa = PBXFileReference; fileEncoding = 4; lastKnownFileType = text.html; path = test.html; sourceTree = "<group>"; };
/* End PBXFileReference section */

/* Begin PBXFrameworksBuildPhase section */
		5D59D4B11D1806F8008AD9EB /* Frameworks */ = {
			isa = PBXFrameworksBuildPhase;
			buildActionMask = 2147483647;
			files = (
			);
			runOnlyForDeploymentPostprocessing = 0;
		};
/* End PBXFrameworksBuildPhase section */

/* Begin PBXGroup section */
		5D59D4AB1D1806F8008AD9EB = {
			isa = PBXGroup;
			children = (
				5D59D4E01D18075F008AD9EB /* test.html */,
				5D59D4CE1D180723008AD9EB /* WebViewJavascriptBridge */,
				5D59D4B61D1806F8008AD9EB /* WebViewJavascriptBridgeDemo */,
				5D59D4B51D1806F8008AD9EB /* Products */,
			);
			sourceTree = "<group>";
		};
		5D59D4B51D1806F8008AD9EB /* Products */ = {
			isa = PBXGroup;
			children = (
				5D59D4B41D1806F8008AD9EB /* WebViewJavascriptBridgeDemo.app */,
			);
			name = Products;
			sourceTree = "<group>";
		};
		5D59D4B61D1806F8008AD9EB /* WebViewJavascriptBridgeDemo */ = {
			isa = PBXGroup;
			children = (
				5D59D4BA1D1806F8008AD9EB /* AppDelegate.h */,
				5D59D4BB1D1806F8008AD9EB /* AppDelegate.m */,
				5D59D4BD1D1806F8008AD9EB /* ViewController.h */,
				5D59D4BE1D1806F8008AD9EB /* ViewController.m */,
				5D59D4C01D1806F8008AD9EB /* Main.storyboard */,
				5D59D4C31D1806F8008AD9EB /* Assets.xcassets */,
				5D59D4C51D1806F8008AD9EB /* LaunchScreen.storyboard */,
				5D59D4C81D1806F8008AD9EB /* Info.plist */,
				5D59D4B71D1806F8008AD9EB /* Supporting Files */,
			);
			path = WebViewJavascriptBridgeDemo;
			sourceTree = "<group>";
		};
		5D59D4B71D1806F8008AD9EB /* Supporting Files */ = {
			isa = PBXGroup;
			children = (
				5D59D4B81D1806F8008AD9EB /* main.m */,
			);
			name = "Supporting Files";
			sourceTree = "<group>";
		};
		5D59D4CE1D180723008AD9EB /* WebViewJavascriptBridge */ = {
			isa = PBXGroup;
			children = (
				5D59D4CF1D180723008AD9EB /* LICENSE */,
				5D59D4D01D180723008AD9EB /* README.md */,
				5D59D4D11D180723008AD9EB /* WebViewJavascriptBridge */,
			);
			path = WebViewJavascriptBridge;
			sourceTree = "<group>";
		};
		5D59D4D11D180723008AD9EB /* WebViewJavascriptBridge */ = {
			isa = PBXGroup;
			children = (
				5D59D4D21D180723008AD9EB /* WebViewJavascriptBridge.h */,
				5D59D4D31D180723008AD9EB /* WebViewJavascriptBridge.m */,
				5D59D4D41D180723008AD9EB /* WebViewJavascriptBridge_JS.h */,
				5D59D4D51D180723008AD9EB /* WebViewJavascriptBridge_JS.m */,
				5D59D4D61D180723008AD9EB /* WebViewJavascriptBridgeBase.h */,
				5D59D4D71D180723008AD9EB /* WebViewJavascriptBridgeBase.m */,
				5D59D4D81D180723008AD9EB /* WKWebViewJavascriptBridge.h */,
				5D59D4D91D180723008AD9EB /* WKWebViewJavascriptBridge.m */,
			);
			path = WebViewJavascriptBridge;
			sourceTree = "<group>";
		};
/* End PBXGroup section */

/* Begin PBXNativeTarget section */
		5D59D4B31D1806F8008AD9EB /* WebViewJavascriptBridgeDemo */ = {
			isa = PBXNativeTarget;
			buildConfigurationList = 5D59D4CB1D1806F8008AD9EB /* Build configuration list for PBXNativeTarget "WebViewJavascriptBridgeDemo" */;
			buildPhases = (
				5D59D4B01D1806F8008AD9EB /* Sources */,
				5D59D4B11D1806F8008AD9EB /* Frameworks */,
				5D59D4B21D1806F8008AD9EB /* Resources */,
			);
			buildRules = (
			);
			dependencies = (
			);
			name = WebViewJavascriptBridgeDemo;
			productName = WebViewJavascriptBridgeDemo;
			productReference = 5D59D4B41D1806F8008AD9EB /* WebViewJavascriptBridgeDemo.app */;
			productType = "com.apple.product-type.application";
		};
/* End PBXNativeTarget section */

/* Begin PBXProject section */
		5D59D4AC1D1806F8008AD9EB /* Project object */ = {
			isa = PBXProject;
			attributes = {
				LastUpgradeCheck = 0730;
				ORGANIZATIONNAME = gubeidianzi;
				TargetAttributes = {
					5D59D4B31D1806F8008AD9EB = {
						CreatedOnToolsVersion = 7.3;
					};
				};
			};
			buildConfigurationList = 5D59D4AF1D1806F8008AD9EB /* Build configuration list for PBXProject "WebViewJavascriptBridgeDemo" */;
			compatibilityVersion = "Xcode 3.2";
			developmentRegion = English;
			hasScannedForEncodings = 0;
			knownRegions = (
				en,
				Base,
			);
			mainGroup = 5D59D4AB1D1806F8008AD9EB;
			productRefGroup = 5D59D4B51D1806F8008AD9EB /* Products */;
			projectDirPath = "";
			projectRoot = "";
			targets = (
				5D59D4B31D1806F8008AD9EB /* WebViewJavascriptBridgeDemo */,
			);
		};
/* End PBXProject section */

/* Begin PBXResourcesBuildPhase section */
		5D59D4B21D1806F8008AD9EB /* Resources */ = {
			isa = PBXResourcesBuildPhase;
			buildActionMask = 2147483647;
			files = (
				5D59D4C71D1806F8008AD9EB /* LaunchScreen.storyboard in Resources */,
				5D59D4C41D1806F8008AD9EB /* Assets.xcassets in Resources */,
				5D59D4DA1D180723008AD9EB /* LICENSE in Resources */,
				5D59D4E11D18075F008AD9EB /* test.html in Resources */,
				5D59D4C21D1806F8008AD9EB /* Main.storyboard in Resources */,
			);
			runOnlyForDeploymentPostprocessing = 0;
		};
/* End PBXResourcesBuildPhase section */

/* Begin PBXSourcesBuildPhase section */
		5D59D4B01D1806F8008AD9EB /* Sources */ = {
			isa = PBXSourcesBuildPhase;
			buildActionMask = 2147483647;
			files = (
				5D59D4BF1D1806F8008AD9EB /* ViewController.m in Sources */,
				5D59D4BC1D1806F8008AD9EB /* AppDelegate.m in Sources */,
				5D59D4DD1D180723008AD9EB /* WebViewJavascriptBridge_JS.m in Sources */,
				5D59D4DB1D180723008AD9EB /* README.md in Sources */,
				5D59D4DE1D180723008AD9EB /* WebViewJavascriptBridgeBase.m in Sources */,
				5D59D4DF1D180723008AD9EB /* WKWebViewJavascriptBridge.m in Sources */,
				5D59D4B91D1806F8008AD9EB /* main.m in Sources */,
				5D59D4DC1D180723008AD9EB /* WebViewJavascriptBridge.m in Sources */,
			);
			runOnlyForDeploymentPostprocessing = 0;
		};
/* End PBXSourcesBuildPhase section */

/* Begin PBXVariantGroup section */
		5D59D4C01D1806F8008AD9EB /* Main.storyboard */ = {
			isa = PBXVariantGroup;
			children = (
				5D59D4C11D1806F8008AD9EB /* Base */,
			);
			name = Main.storyboard;
			sourceTree = "<group>";
		};
		5D59D4C51D1806F8008AD9EB /* LaunchScreen.storyboard */ = {
			isa = PBXVariantGroup;
			children = (
				5D59D4C61D1806F8008AD9EB /* Base */,
			);
			name = LaunchScreen.storyboard;
			sourceTree = "<group>";
		};
/* End PBXVariantGroup section */

/* Begin XCBuildConfiguration section */
		5D59D4C91D1806F8008AD9EB /* Debug */ = {
			isa = XCBuildConfiguration;
			buildSettings = {
				ALWAYS_SEARCH_USER_PATHS = NO;
				CLANG_ANALYZER_NONNULL = YES;
				CLANG_CXX_LANGUAGE_STANDARD = "gnu++0x";
				CLANG_CXX_LIBRARY = "libc++";
				CLANG_ENABLE_MODULES = YES;
				CLANG_ENABLE_OBJC_ARC = YES;
				CLANG_WARN_BOOL_CONVERSION = YES;
				CLANG_WARN_CONSTANT_CONVERSION = YES;
				CLANG_WARN_DIRECT_OBJC_ISA_USAGE = YES_ERROR;
				CLANG_WARN_EMPTY_BODY = YES;
				CLANG_WARN_ENUM_CONVERSION = YES;
				CLANG_WARN_INT_CONVERSION = YES;
				CLANG_WARN_OBJC_ROOT_CLASS = YES_ERROR;
				CLANG_WARN_UNREACHABLE_CODE = YES;
				CLANG_WARN__DUPLICATE_METHOD_MATCH = YES;
				"CODE_SIGN_IDENTITY[sdk=iphoneos*]" = "iPhone Developer";
				COPY_PHASE_STRIP = NO;
				DEBUG_INFORMATION_FORMAT = dwarf;
				ENABLE_STRICT_OBJC_MSGSEND = YES;
				ENABLE_TESTABILITY = YES;
				GCC_C_LANGUAGE_STANDARD = gnu99;
				GCC_DYNAMIC_NO_PIC = NO;
				GCC_NO_COMMON_BLOCKS = YES;
				GCC_OPTIMIZATION_LEVEL = 0;
				GCC_PREPROCESSOR_DEFINITIONS = (
					"DEBUG=1",
					"$(inherited)",
				);
				GCC_WARN_64_TO_32_BIT_CONVERSION = YES;
				GCC_WARN_ABOUT_RETURN_TYPE = YES_ERROR;
				GCC_WARN_UNDECLARED_SELECTOR = YES;
				GCC_WARN_UNINITIALIZED_AUTOS = YES_AGGRESSIVE;
				GCC_WARN_UNUSED_FUNCTION = YES;
				GCC_WARN_UNUSED_VARIABLE = YES;
				IPHONEOS_DEPLOYMENT_TARGET = 9.3;
				MTL_ENABLE_DEBUG_INFO = YES;
				ONLY_ACTIVE_ARCH = YES;
				SDKROOT = iphoneos;
			};
			name = Debug;
		};
		5D59D4CA1D1806F8008AD9EB /* Release */ = {
			isa = XCBuildConfiguration;
			buildSettings = {
				ALWAYS_SEARCH_USER_PATHS = NO;
				CLANG_ANALYZER_NONNULL = YES;
				CLANG_CXX_LANGUAGE_STANDARD = "gnu++0x";
				CLANG_CXX_LIBRARY = "libc++";
				CLANG_ENABLE_MODULES = YES;
				CLANG_ENABLE_OBJC_ARC = YES;
				CLANG_WARN_BOOL_CONVERSION = YES;
				CLANG_WARN_CONSTANT_CONVERSION = YES;
				CLANG_WARN_DIRECT_OBJC_ISA_USAGE = YES_ERROR;
				CLANG_WARN_EMPTY_BODY = YES;
				CLANG_WARN_ENUM_CONVERSION = YES;
				CLANG_WARN_INT_CONVERSION = YES;
				CLANG_WARN_OBJC_ROOT_CLASS = YES_ERROR;
				CLANG_WARN_UNREACHABLE_CODE = YES;
				CLANG_WARN__DUPLICATE_METHOD_MATCH = YES;
				"CODE_SIGN_IDENTITY[sdk=iphoneos*]" = "iPhone Developer";
				COPY_PHASE_STRIP = NO;
				DEBUG_INFORMATION_FORMAT = "dwarf-with-dsym";
				ENABLE_NS_ASSERTIONS = NO;
				ENABLE_STRICT_OBJC_MSGSEND = YES;
				GCC_C_LANGUAGE_STANDARD = gnu99;
				GCC_NO_COMMON_BLOCKS = YES;
				GCC_WARN_64_TO_32_BIT_CONVERSION = YES;
				GCC_WARN_ABOUT_RETURN_TYPE = YES_ERROR;
				GCC_WARN_UNDECLARED_SELECTOR = YES;
				GCC_WARN_UNINITIALIZED_AUTOS = YES_AGGRESSIVE;
				GCC_WARN_UNUSED_FUNCTION = YES;
				GCC_WARN_UNUSED_VARIABLE = YES;
				IPHONEOS_DEPLOYMENT_TARGET = 9.3;
				MTL_ENABLE_DEBUG_INFO = NO;
				SDKROOT = iphoneos;
				VALIDATE_PRODUCT = YES;
			};
			name = Release;
		};
		5D59D4CC1D1806F8008AD9EB /* Debug */ = {
			isa = XCBuildConfiguration;
			buildSettings = {
				ASSETCATALOG_COMPILER_APPICON_NAME = AppIcon;
				INFOPLIST_FILE = WebViewJavascriptBridgeDemo/Info.plist;
				LD_RUNPATH_SEARCH_PATHS = "$(inherited) @executable_path/Frameworks";
				PRODUCT_BUNDLE_IDENTIFIER = com.broadlink.WebViewJavascriptBridgeDemo;
				PRODUCT_NAME = "$(TARGET_NAME)";
			};
			name = Debug;
		};
		5D59D4CD1D1806F8008AD9EB /* Release */ = {
			isa = XCBuildConfiguration;
			buildSettings = {
				ASSETCATALOG_COMPILER_APPICON_NAME = AppIcon;
				INFOPLIST_FILE = WebViewJavascriptBridgeDemo/Info.plist;
				LD_RUNPATH_SEARCH_PATHS = "$(inherited) @executable_path/Frameworks";
				PRODUCT_BUNDLE_IDENTIFIER = com.broadlink.WebViewJavascriptBridgeDemo;
				PRODUCT_NAME = "$(TARGET_NAME)";
			};
			name = Release;
		};
/* End XCBuildConfiguration section */

/* Begin XCConfigurationList section */
		5D59D4AF1D1806F8008AD9EB /* Build configuration list for PBXProject "WebViewJavascriptBridgeDemo" */ = {
			isa = XCConfigurationList;
			buildConfigurations = (
				5D59D4C91D1806F8008AD9EB /* Debug */,
				5D59D4CA1D1806F8008AD9EB /* Release */,
			);
			defaultConfigurationIsVisible = 0;
			defaultConfigurationName = Release;
		};
		5D59D4CB1D1806F8008AD9EB /* Build configuration list for PBXNativeTarget "WebViewJavascriptBridgeDemo" */ = {
			isa = XCConfigurationList;
			buildConfigurations = (
				5D59D4CC1D1806F8008AD9EB /* Debug */,
				5D59D4CD1D1806F8008AD9EB /* Release */,
			);
			defaultConfigurationIsVisible = 0;
		};
/* End XCConfigurationList section */
	};
	rootObject = 5D59D4AC1D1806F8008AD9EB /* Project object */;
}
